
Microsoft Visual Studio Solution File, Format Version 12.00
# Visual Studio Version 16
VisualStudioVersion = 16.0.31410.357
MinimumVisualStudioVersion = 10.0.40219.1
Project("{9A19103F-16F7-4668-BE54-9A1E7A4F7556}") = "Tests", "Tests\Tests.csproj", "{A461D3DF-BE01-43CF-A330-E369680A350F}"
EndProject
Project("{9A19103F-16F7-4668-BE54-9A1E7A4F7556}") = "TaxCalculatorUI", "TaxCalculatorUI\TaxCalculatorUI.csproj", "{47EB3563-9B3B-419D-BC11-F042F276F60B}"
EndProject
Project("{9A19103F-16F7-4668-BE54-9A1E7A4F7556}") = "TaxCalculatorApi", "TaxCalculatorApi\TaxCalculatorApi.csproj", "{447C43E3-4114-45C6-A115-BB8BFF3D28B8}"
EndProject
Global
	GlobalSection(SolutionConfigurationPlatforms) = preSolution
		Debug|Any CPU = Debug|Any CPU
		Release|Any CPU = Release|Any CPU
	EndGlobalSection
	GlobalSection(ProjectConfigurationPlatforms) = postSolution
		{A461D3DF-BE01-43CF-A330-E369680A350F}.Debug|Any CPU.ActiveCfg = Debug|Any CPU
		{A461D3DF-BE01-43CF-A330-E369680A350F}.Debug|Any CPU.Build.0 = Debug|Any CPU
		{A461D3DF-BE01-43CF-A330-E369680A350F}.Release|Any CPU.ActiveCfg = Release|Any CPU
		{A461D3DF-BE01-43CF-A330-E369680A350F}.Release|Any CPU.Build.0 = Release|Any CPU
		{47EB3563-9B3B-419D-BC11-F042F276F60B}.Debug|Any CPU.ActiveCfg = Debug|Any CPU
		{47EB3563-9B3B-419D-BC11-F042F276F60B}.Debug|Any CPU.Build.0 = Debug|Any CPU
		{47EB3563-9B3B-419D-BC11-F042F276F60B}.Release|Any CPU.ActiveCfg = Release|Any CPU
		{47EB3563-9B3B-419D-BC11-F042F276F60B}.Release|Any CPU.Build.0 = Release|Any CPU
		{447C43E3-4114-45C6-A115-BB8BFF3D28B8}.Debug|Any CPU.ActiveCfg = Debug|Any CPU
		{447C43E3-4114-45C6-A115-BB8BFF3D28B8}.Debug|Any CPU.Build.0 = Debug|Any CPU
		{447C43E3-4114-45C6-A115-BB8BFF3D28B8}.Release|Any CPU.ActiveCfg = Release|Any CPU
		{447C43E3-4114-45C6-A115-BB8BFF3D28B8}.Release|Any CPU.Build.0 = Release|Any CPU
	EndGlobalSection
	GlobalSection(SolutionProperties) = preSolution
		HideSolutionNode = FALSE
	EndGlobalSection
	GlobalSection(ExtensibilityGlobals) = postSolution
		SolutionGuid = {E2452683-64B2-42CB-9251-F57DEB3BDD4E}
	EndGlobalSection
EndGlobal
